
Microsoft Visual Studio Solution File, Format Version 11.00
# Visual C# Express 2010
Project("{FAE04EC0-301F-11D3-BF4B-00C04F79EFBC}") = "VigAnalysis", "VigAnalysis\VigAnalysis.csproj", "{9DBF3DBB-998F-4B82-98FE-DF2E19602F29}"
EndProject
Global
	GlobalSection(SolutionConfigurationPlatforms) = preSolution
		Debug|x86 = Debug|x86
		Release|x86 = Release|x86
	EndGlobalSection
	GlobalSection(ProjectConfigurationPlatforms) = postSolution
		{9DBF3DBB-998F-4B82-98FE-DF2E19602F29}.Debug|x86.ActiveCfg = Debug|x86
		{9DBF3DBB-998F-4B82-98FE-DF2E19602F29}.Debug|x86.Build.0 = Debug|x86
		{9DBF3DBB-998F-4B82-98FE-DF2E19602F29}.Release|x86.ActiveCfg = Release|x86
		{9DBF3DBB-998F-4B82-98FE-DF2E19602F29}.Release|x86.Build.0 = Release|x86
	EndGlobalSection
	GlobalSection(SolutionProperties) = preSolution
		HideSolutionNode = FALSE
	EndGlobalSection
EndGlobal
